lockfileVersion: '6.0'

dependencies:
  bignumber:
    specifier: ^1.1.0
    version: 1.1.0
  bignumber.js:
    specifier: ^9.1.2
    version: 9.1.2
  decimal.js:
    specifier: ^10.4.3
    version: 10.4.3

devDependencies:
  '@types/bignumber.js':
    specifier: ^5.0.0
    version: 5.0.0
  '@types/node':
    specifier: ^20.10.1
    version: 20.10.3

packages:

  /@types/bignumber.js@5.0.0:
    resolution: {integrity: sha512-0DH7aPGCClywOFaxxjE6UwpN2kQYe9LwuDQMv+zYA97j5GkOMo8e66LYT+a8JYU7jfmUFRZLa9KycxHDsKXJCA==}
    deprecated: This is a stub types definition for bignumber.js (https://github.com/MikeMcl/bignumber.js/). bignumber.js provides its own type definitions, so you don't need @types/bignumber.js installed!
    dependencies:
      bignumber.js: 9.1.2
    dev: true

  /@types/node@20.10.3:
    resolution: {integrity: sha512-XJavIpZqiXID5Yxnxv3RUDKTN5b81ddNC3ecsA0SoFXz/QU8OGBwZGMomiq0zw+uuqbL/krztv/DINAQ/EV4gg==}
    dependencies:
      undici-types: 5.26.5
    dev: true

  /bignumber.js@9.1.2:
    resolution: {integrity: sha512-2/mKyZH9K85bzOEfhXDBFZTGd1CTs+5IHpeFQo9luiBG7hghdC851Pj2WAhb6E3R6b9tZj/XKhbg4fum+Kepug==}

  /bignumber@1.1.0:
    resolution: {integrity: sha512-EGqHCKkEAwVwufcEOCYhZQqdVH+7cNCyPZ9yxisYvSjHFB+d9YcGMvorsFpeN5IJpC+lC6K+FHhu8+S4MgJazw==}
    engines: {node: '>=0.4.0'}
    dev: false

  /decimal.js@10.4.3:
    resolution: {integrity: sha512-VBBaLc1MgL5XpzgIP7ny5Z6Nx3UrRkIViUkPUdtl9aya5amy3De1gsUUSB1g3+3sExYNjCAsAznmukyxCb1GRA==}
    dev: false

  /undici-types@5.26.5:
    resolution: {integrity: sha512-JlCMO+ehdEIKqlFxk6IfVoAUVmgz7cU7zD/h9XZ0qzeosSHmUJVOzSQvvYSYWXkFXC+IfLKSIffhv0sVZup6pA==}
    dev: true
